// !$*UTF8*$!
{
	archiveVersion = 1;
	classes = {
	};
	objectVersion = 46;
	objects = {

/* Begin PBXBuildFile section */
		DDDD5A6D1EF5FD7500477E61 /* PopUpView.m in Sources */ = {isa = PBXBuildFile; fileRef = DDDD5A6C1EF5FD7500477E61 /* PopUpView.m */; };
		DDDD5A771EF5FEBD00477E61 /* UIColor+Hex.m in Sources */ = {isa = PBXBuildFile; fileRef = DDDD5A701EF5FEBD00477E61 /* UIColor+Hex.m */; };
		DDDD5A781EF5FEBD00477E61 /* UIFont+Wisdom.m in Sources */ = {isa = PBXBuildFile; fileRef = DDDD5A721EF5FEBD00477E61 /* UIFont+Wisdom.m */; };
		DDDD5A791EF5FEBD00477E61 /* UIView+NJ.m in Sources */ = {isa = PBXBuildFile; fileRef = DDDD5A741EF5FEBD00477E61 /* UIView+NJ.m */; };
		DDDD5A7A1EF5FEBD00477E61 /* UIViewExt.m in Sources */ = {isa = PBXBuildFile; fileRef = DDDD5A761EF5FEBD00477E61 /* UIViewExt.m */; };
		DDDD5A811EF6336100477E61 /* BasicTableViewCell.m in Sources */ = {isa = PBXBuildFile; fileRef = DDDD5A801EF6336100477E61 /* BasicTableViewCell.m */; };
		DDDD5A841EF6337900477E61 /* BasicModel.m in Sources */ = {isa = PBXBuildFile; fileRef = DDDD5A831EF6337900477E61 /* BasicModel.m */; };
		DDDD5A871EF638AE00477E61 /* PopTableCell.m in Sources */ = {isa = PBXBuildFile; fileRef = DDDD5A861EF638AE00477E61 /* PopTableCell.m */; };
		DDDD5A8A1EF63CED00477E61 /* PopModel.m in Sources */ = {isa = PBXBuildFile; fileRef = DDDD5A891EF63CED00477E61 /* PopModel.m */; };
		DDE252E01EF3FCAC00C2A6D1 /* main.m in Sources */ = {isa = PBXBuildFile; fileRef = DDE252DF1EF3FCAC00C2A6D1 /* main.m */; };
		DDE252E31EF3FCAC00C2A6D1 /* AppDelegate.m in Sources */ = {isa = PBXBuildFile; fileRef = DDE252E21EF3FCAC00C2A6D1 /* AppDelegate.m */; };
		DDE252E61EF3FCAC00C2A6D1 /* ViewController.m in Sources */ = {isa = PBXBuildFile; fileRef = DDE252E51EF3FCAC00C2A6D1 /* ViewController.m */; };
		DDE252E91EF3FCAC00C2A6D1 /* Main.storyboard in Resources */ = {isa = PBXBuildFile; fileRef = DDE252E71EF3FCAC00C2A6D1 /* Main.storyboard */; };
		DDE252EB1EF3FCAD00C2A6D1 /* Assets.xcassets in Resources */ = {isa = PBXBuildFile; fileRef = DDE252EA1EF3FCAC00C2A6D1 /* Assets.xcassets */; };
		DDE252EE1EF3FCAD00C2A6D1 /* LaunchScreen.storyboard in Resources */ = {isa = PBXBuildFile; fileRef = DDE252EC1EF3FCAD00C2A6D1 /* LaunchScreen.storyboard */; };
		DDE252F91EF3FCAD00C2A6D1 /* ___Tests.m in Sources */ = {isa = PBXBuildFile; fileRef = DDE252F81EF3FCAD00C2A6D1 /* ___Tests.m */; };
		DDE253041EF3FCAD00C2A6D1 /* ___UITests.m in Sources */ = {isa = PBXBuildFile; fileRef = DDE253031EF3FCAD00C2A6D1 /* ___UITests.m */; };
/* End PBXBuildFile section */

/* Begin PBXContainerItemProxy section */
		DDE252F51EF3FCAD00C2A6D1 /* PBXContainerItemProxy */ = {
			isa = PBXContainerItemProxy;
			containerPortal = DDE252D31EF3FCAC00C2A6D1 /* Project object */;
			proxyType = 1;
			remoteGlobalIDString = DDE252DA1EF3FCAC00C2A6D1;
			remoteInfo = "弹出框";
		};
		DDE253001EF3FCAD00C2A6D1 /* PBXContainerItemProxy */ = {
			isa = PBXContainerItemProxy;
			containerPortal = DDE252D31EF3FCAC00C2A6D1 /* Project object */;
			proxyType = 1;
			remoteGlobalIDString = DDE252DA1EF3FCAC00C2A6D1;
			remoteInfo = "弹出框";
		};
/* End PBXContainerItemProxy section */

/* Begin PBXFileReference section */
		DDDD5A6B1EF5FD7500477E61 /* PopUpView.h */ = {isa = PBXFileReference; fileEncoding = 4; lastKnownFileType = sourcecode.c.h; name = PopUpView.h; path = ../PopUpView.h; sourceTree = "<group>"; };
		DDDD5A6C1EF5FD7500477E61 /* PopUpView.m */ = {isa = PBXFileReference; fileEncoding = 4; lastKnownFileType = sourcecode.c.objc; name = PopUpView.m; path = ../PopUpView.m; sourceTree = "<group>"; };
		DDDD5A6F1EF5FEBD00477E61 /* UIColor+Hex.h */ = {isa = PBXFileReference; fileEncoding = 4; lastKnownFileType = sourcecode.c.h; path = "UIColor+Hex.h"; sourceTree = "<group>"; };
		DDDD5A701EF5FEBD00477E61 /* UIColor+Hex.m */ = {isa = PBXFileReference; fileEncoding = 4; lastKnownFileType = sourcecode.c.objc; path = "UIColor+Hex.m"; sourceTree = "<group>"; };
		DDDD5A711EF5FEBD00477E61 /* UIFont+Wisdom.h */ = {isa = PBXFileReference; fileEncoding = 4; lastKnownFileType = sourcecode.c.h; path = "UIFont+Wisdom.h"; sourceTree = "<group>"; };
		DDDD5A721EF5FEBD00477E61 /* UIFont+Wisdom.m */ = {isa = PBXFileReference; fileEncoding = 4; lastKnownFileType = sourcecode.c.objc; path = "UIFont+Wisdom.m"; sourceTree = "<group>"; };
		DDDD5A731EF5FEBD00477E61 /* UIView+NJ.h */ = {isa = PBXFileReference; fileEncoding = 4; lastKnownFileType = sourcecode.c.h; path = "UIView+NJ.h"; sourceTree = "<group>"; };
		DDDD5A741EF5FEBD00477E61 /* UIView+NJ.m */ = {isa = PBXFileReference; fileEncoding = 4; lastKnownFileType = sourcecode.c.objc; path = "UIView+NJ.m"; sourceTree = "<group>"; };
		DDDD5A751EF5FEBD00477E61 /* UIViewExt.h */ = {isa = PBXFileReference; fileEncoding = 4; lastKnownFileType = sourcecode.c.h; path = UIViewExt.h; sourceTree = "<group>"; };
		DDDD5A761EF5FEBD00477E61 /* UIViewExt.m */ = {isa = PBXFileReference; fileEncoding = 4; lastKnownFileType = sourcecode.c.objc; path = UIViewExt.m; sourceTree = "<group>"; };
		DDDD5A7F1EF6336100477E61 /* BasicTableViewCell.h */ = {isa = PBXFileReference; fileEncoding = 4; lastKnownFileType = sourcecode.c.h; path = BasicTableViewCell.h; sourceTree = "<group>"; };
		DDDD5A801EF6336100477E61 /* BasicTableViewCell.m */ = {isa = PBXFileReference; fileEncoding = 4; lastKnownFileType = sourcecode.c.objc; path = BasicTableViewCell.m; sourceTree = "<group>"; };
		DDDD5A821EF6337900477E61 /* BasicModel.h */ = {isa = PBXFileReference; fileEncoding = 4; lastKnownFileType = sourcecode.c.h; path = BasicModel.h; sourceTree = "<group>"; };
		DDDD5A831EF6337900477E61 /* BasicModel.m */ = {isa = PBXFileReference; fileEncoding = 4; lastKnownFileType = sourcecode.c.objc; path = BasicModel.m; sourceTree = "<group>"; };
		DDDD5A851EF638AE00477E61 /* PopTableCell.h */ = {isa = PBXFileReference; fileEncoding = 4; lastKnownFileType = sourcecode.c.h; path = PopTableCell.h; sourceTree = "<group>"; };
		DDDD5A861EF638AE00477E61 /* PopTableCell.m */ = {isa = PBXFileReference; fileEncoding = 4; lastKnownFileType = sourcecode.c.objc; path = PopTableCell.m; sourceTree = "<group>"; };
		DDDD5A881EF63CED00477E61 /* PopModel.h */ = {isa = PBXFileReference; fileEncoding = 4; lastKnownFileType = sourcecode.c.h; path = PopModel.h; sourceTree = "<group>"; };
		DDDD5A891EF63CED00477E61 /* PopModel.m */ = {isa = PBXFileReference; fileEncoding = 4; lastKnownFileType = sourcecode.c.objc; path = PopModel.m; sourceTree = "<group>"; };
		DDE252DB1EF3FCAC00C2A6D1 /* 弹出框.app */ = {isa = PBXFileReference; explicitFileType = wrapper.application; includeInIndex = 0; path = "弹出框.app"; sourceTree = BUILT_PRODUCTS_DIR; };
		DDE252DF1EF3FCAC00C2A6D1 /* main.m */ = {isa = PBXFileReference; lastKnownFileType = sourcecode.c.objc; path = main.m; sourceTree = "<group>"; };
		DDE252E11EF3FCAC00C2A6D1 /* AppDelegate.h */ = {isa = PBXFileReference; lastKnownFileType = sourcecode.c.h; path = AppDelegate.h; sourceTree = "<group>"; };
		DDE252E21EF3FCAC00C2A6D1 /* AppDelegate.m */ = {isa = PBXFileReference; lastKnownFileType = sourcecode.c.objc; path = AppDelegate.m; sourceTree = "<group>"; };
		DDE252E41EF3FCAC00C2A6D1 /* ViewController.h */ = {isa = PBXFileReference; lastKnownFileType = sourcecode.c.h; name = ViewController.h; path = ../ViewController.h; sourceTree = "<group>"; };
		DDE252E51EF3FCAC00C2A6D1 /* ViewController.m */ = {isa = PBXFileReference; lastKnownFileType = sourcecode.c.objc; name = ViewController.m; path = ../ViewController.m; sourceTree = "<group>"; };
		DDE252E81EF3FCAC00C2A6D1 /* Base */ = {isa = PBXFileReference; lastKnownFileType = file.storyboard; name = Base; path = Base.lproj/Main.storyboard; sourceTree = "<group>"; };
		DDE252EA1EF3FCAC00C2A6D1 /* Assets.xcassets */ = {isa = PBXFileReference; lastKnownFileType = folder.assetcatalog; path = Assets.xcassets; sourceTree = "<group>"; };
		DDE252ED1EF3FCAD00C2A6D1 /* Base */ = {isa = PBXFileReference; lastKnownFileType = file.storyboard; name = Base; path = Base.lproj/LaunchScreen.storyboard; sourceTree = "<group>"; };
		DDE252EF1EF3FCAD00C2A6D1 /* Info.plist */ = {isa = PBXFileReference; lastKnownFileType = text.plist.xml; path = Info.plist; sourceTree = "<group>"; };
		DDE252F41EF3FCAD00C2A6D1 /* 弹出框Tests.xctest */ = {isa = PBXFileReference; explicitFileType = wrapper.cfbundle; includeInIndex = 0; path = "弹出框Tests.xctest"; sourceTree = BUILT_PRODUCTS_DIR; };
		DDE252F81EF3FCAD00C2A6D1 /* ___Tests.m */ = {isa = PBXFileReference; lastKnownFileType = sourcecode.c.objc; path = "___Tests.m"; sourceTree = "<group>"; };
		DDE252FA1EF3FCAD00C2A6D1 /* Info.plist */ = {isa = PBXFileReference; lastKnownFileType = text.plist.xml; path = Info.plist; sourceTree = "<group>"; };
		DDE252FF1EF3FCAD00C2A6D1 /* 弹出框UITests.xctest */ = {isa = PBXFileReference; explicitFileType = wrapper.cfbundle; includeInIndex = 0; path = "弹出框UITests.xctest"; sourceTree = BUILT_PRODUCTS_DIR; };
		DDE253031EF3FCAD00C2A6D1 /* ___UITests.m */ = {isa = PBXFileReference; lastKnownFileType = sourcecode.c.objc; path = "___UITests.m"; sourceTree = "<group>"; };
		DDE253051EF3FCAD00C2A6D1 /* Info.plist */ = {isa = PBXFileReference; lastKnownFileType = text.plist.xml; path = Info.plist; sourceTree = "<group>"; };
		DDEDBAE91EF5F92800CB0F93 /* Header.h */ = {isa = PBXFileReference; fileEncoding = 4; lastKnownFileType = sourcecode.c.h; path = Header.h; sourceTree = "<group>"; };
/* End PBXFileReference section */

/* Begin PBXFrameworksBuildPhase section */
		DDE252D81EF3FCAC00C2A6D1 /* Frameworks */ = {
			isa = PBXFrameworksBuildPhase;
			buildActionMask = 2147483647;
			files = (
			);
			runOnlyForDeploymentPostprocessing = 0;
		};
		DDE252F11EF3FCAD00C2A6D1 /* Frameworks */ = {
			isa = PBXFrameworksBuildPhase;
			buildActionMask = 2147483647;
			files = (
			);
			runOnlyForDeploymentPostprocessing = 0;
		};
		DDE252FC1EF3FCAD00C2A6D1 /* Frameworks */ = {
			isa = PBXFrameworksBuildPhase;
			buildActionMask = 2147483647;
			files = (
			);
			runOnlyForDeploymentPostprocessing = 0;
		};
/* End PBXFrameworksBuildPhase section */

/* Begin PBXGroup section */
		DDDD5A6E1EF5FEBD00477E61 /* Category */ = {
			isa = PBXGroup;
			children = (
				DDDD5A6F1EF5FEBD00477E61 /* UIColor+Hex.h */,
				DDDD5A701EF5FEBD00477E61 /* UIColor+Hex.m */,
				DDDD5A711EF5FEBD00477E61 /* UIFont+Wisdom.h */,
				DDDD5A721EF5FEBD00477E61 /* UIFont+Wisdom.m */,
				DDDD5A731EF5FEBD00477E61 /* UIView+NJ.h */,
				DDDD5A741EF5FEBD00477E61 /* UIView+NJ.m */,
				DDDD5A751EF5FEBD00477E61 /* UIViewExt.h */,
				DDDD5A761EF5FEBD00477E61 /* UIViewExt.m */,
			);
			path = Category;
			sourceTree = "<group>";
		};
		DDDD5A7B1EF6333900477E61 /* C */ = {
			isa = PBXGroup;
			children = (
				DDE252E41EF3FCAC00C2A6D1 /* ViewController.h */,
				DDE252E51EF3FCAC00C2A6D1 /* ViewController.m */,
			);
			path = C;
			sourceTree = "<group>";
		};
		DDDD5A7C1EF6333900477E61 /* M */ = {
			isa = PBXGroup;
			children = (
				DDDD5A881EF63CED00477E61 /* PopModel.h */,
				DDDD5A891EF63CED00477E61 /* PopModel.m */,
			);
			path = M;
			sourceTree = "<group>";
		};
		DDDD5A7D1EF6333900477E61 /* V */ = {
			isa = PBXGroup;
			children = (
				DDDD5A6B1EF5FD7500477E61 /* PopUpView.h */,
				DDDD5A6C1EF5FD7500477E61 /* PopUpView.m */,
				DDDD5A851EF638AE00477E61 /* PopTableCell.h */,
				DDDD5A861EF638AE00477E61 /* PopTableCell.m */,
			);
			path = V;
			sourceTree = "<group>";
		};
		DDDD5A7E1EF6334100477E61 /* Basic */ = {
			isa = PBXGroup;
			children = (
				DDDD5A7F1EF6336100477E61 /* BasicTableViewCell.h */,
				DDDD5A801EF6336100477E61 /* BasicTableViewCell.m */,
				DDDD5A821EF6337900477E61 /* BasicModel.h */,
				DDDD5A831EF6337900477E61 /* BasicModel.m */,
			);
			path = Basic;
			sourceTree = "<group>";
		};
		DDE252D21EF3FCAC00C2A6D1 = {
			isa = PBXGroup;
			children = (
				DDE252DD1EF3FCAC00C2A6D1 /* 弹出框 */,
				DDE252F71EF3FCAD00C2A6D1 /* 弹出框Tests */,
				DDE253021EF3FCAD00C2A6D1 /* 弹出框UITests */,
				DDE252DC1EF3FCAC00C2A6D1 /* Products */,
			);
			sourceTree = "<group>";
		};
		DDE252DC1EF3FCAC00C2A6D1 /* Products */ = {
			isa = PBXGroup;
			children = (
				DDE252DB1EF3FCAC00C2A6D1 /* 弹出框.app */,
				DDE252F41EF3FCAD00C2A6D1 /* 弹出框Tests.xctest */,
				DDE252FF1EF3FCAD00C2A6D1 /* 弹出框UITests.xctest */,
			);
			name = Products;
			sourceTree = "<group>";
		};
		DDE252DD1EF3FCAC00C2A6D1 /* 弹出框 */ = {
			isa = PBXGroup;
			children = (
				DDDD5A7E1EF6334100477E61 /* Basic */,
				DDDD5A7B1EF6333900477E61 /* C */,
				DDDD5A7C1EF6333900477E61 /* M */,
				DDDD5A7D1EF6333900477E61 /* V */,
				DDDD5A6E1EF5FEBD00477E61 /* Category */,
				DDE252E11EF3FCAC00C2A6D1 /* AppDelegate.h */,
				DDE252E21EF3FCAC00C2A6D1 /* AppDelegate.m */,
				DDEDBAE91EF5F92800CB0F93 /* Header.h */,
				DDE252E71EF3FCAC00C2A6D1 /* Main.storyboard */,
				DDE252EA1EF3FCAC00C2A6D1 /* Assets.xcassets */,
				DDE252EC1EF3FCAD00C2A6D1 /* LaunchScreen.storyboard */,
				DDE252EF1EF3FCAD00C2A6D1 /* Info.plist */,
				DDE252DE1EF3FCAC00C2A6D1 /* Supporting Files */,
			);
			path = "弹出框";
			sourceTree = "<group>";
		};
		DDE252DE1EF3FCAC00C2A6D1 /* Supporting Files */ = {
			isa = PBXGroup;
			children = (
				DDE252DF1EF3FCAC00C2A6D1 /* main.m */,
			);
			name = "Supporting Files";
			sourceTree = "<group>";
		};
		DDE252F71EF3FCAD00C2A6D1 /* 弹出框Tests */ = {
			isa = PBXGroup;
			children = (
				DDE252F81EF3FCAD00C2A6D1 /* ___Tests.m */,
				DDE252FA1EF3FCAD00C2A6D1 /* Info.plist */,
			);
			path = "弹出框Tests";
			sourceTree = "<group>";
		};
		DDE253021EF3FCAD00C2A6D1 /* 弹出框UITests */ = {
			isa = PBXGroup;
			children = (
				DDE253031EF3FCAD00C2A6D1 /* ___UITests.m */,
				DDE253051EF3FCAD00C2A6D1 /* Info.plist */,
			);
			path = "弹出框UITests";
			sourceTree = "<group>";
		};
/* End PBXGroup section */

/* Begin PBXNativeTarget section */
		DDE252DA1EF3FCAC00C2A6D1 /* 弹出框 */ = {
			isa = PBXNativeTarget;
			buildConfigurationList = DDE253081EF3FCAD00C2A6D1 /* Build configuration list for PBXNativeTarget "弹出框" */;
			buildPhases = (
				DDE252D71EF3FCAC00C2A6D1 /* Sources */,
				DDE252D81EF3FCAC00C2A6D1 /* Frameworks */,
				DDE252D91EF3FCAC00C2A6D1 /* Resources */,
			);
			buildRules = (
			);
			dependencies = (
			);
			name = "弹出框";
			productName = "弹出框";
			productReference = DDE252DB1EF3FCAC00C2A6D1 /* 弹出框.app */;
			productType = "com.apple.product-type.application";
		};
		DDE252F31EF3FCAD00C2A6D1 /* 弹出框Tests */ = {
			isa = PBXNativeTarget;
			buildConfigurationList = DDE2530B1EF3FCAD00C2A6D1 /* Build configuration list for PBXNativeTarget "弹出框Tests" */;
			buildPhases = (
				DDE252F01EF3FCAD00C2A6D1 /* Sources */,
				DDE252F11EF3FCAD00C2A6D1 /* Frameworks */,
				DDE252F21EF3FCAD00C2A6D1 /* Resources */,
			);
			buildRules = (
			);
			dependencies = (
				DDE252F61EF3FCAD00C2A6D1 /* PBXTargetDependency */,
			);
			name = "弹出框Tests";
			productName = "弹出框Tests";
			productReference = DDE252F41EF3FCAD00C2A6D1 /* 弹出框Tests.xctest */;
			productType = "com.apple.product-type.bundle.unit-test";
		};
		DDE252FE1EF3FCAD00C2A6D1 /* 弹出框UITests */ = {
			isa = PBXNativeTarget;
			buildConfigurationList = DDE2530E1EF3FCAD00C2A6D1 /* Build configuration list for PBXNativeTarget "弹出框UITests" */;
			buildPhases = (
				DDE252FB1EF3FCAD00C2A6D1 /* Sources */,
				DDE252FC1EF3FCAD00C2A6D1 /* Frameworks */,
				DDE252FD1EF3FCAD00C2A6D1 /* Resources */,
			);
			buildRules = (
			);
			dependencies = (
				DDE253011EF3FCAD00C2A6D1 /* PBXTargetDependency */,
			);
			name = "弹出框UITests";
			productName = "弹出框UITests";
			productReference = DDE252FF1EF3FCAD00C2A6D1 /* 弹出框UITests.xctest */;
			productType = "com.apple.product-type.bundle.ui-testing";
		};
/* End PBXNativeTarget section */

/* Begin PBXProject section */
		DDE252D31EF3FCAC00C2A6D1 /* Project object */ = {
			isa = PBXProject;
			attributes = {
				LastUpgradeCheck = 0810;
				ORGANIZATIONNAME = "苗建浩";
				TargetAttributes = {
					DDE252DA1EF3FCAC00C2A6D1 = {
						CreatedOnToolsVersion = 8.1;
						DevelopmentTeam = B7UQ7WHB5T;
						ProvisioningStyle = Automatic;
					};
					DDE252F31EF3FCAD00C2A6D1 = {
						CreatedOnToolsVersion = 8.1;
						ProvisioningStyle = Automatic;
						TestTargetID = DDE252DA1EF3FCAC00C2A6D1;
					};
					DDE252FE1EF3FCAD00C2A6D1 = {
						CreatedOnToolsVersion = 8.1;
						ProvisioningStyle = Automatic;
						TestTargetID = DDE252DA1EF3FCAC00C2A6D1;
					};
				};
			};
			buildConfigurationList = DDE252D61EF3FCAC00C2A6D1 /* Build configuration list for PBXProject "弹出框" */;
			compatibilityVersion = "Xcode 3.2";
			developmentRegion = English;
			hasScannedForEncodings = 0;
			knownRegions = (
				en,
				Base,
			);
			mainGroup = DDE252D21EF3FCAC00C2A6D1;
			productRefGroup = DDE252DC1EF3FCAC00C2A6D1 /* Products */;
			projectDirPath = "";
			projectRoot = "";
			targets = (
				DDE252DA1EF3FCAC00C2A6D1 /* 弹出框 */,
				DDE252F31EF3FCAD00C2A6D1 /* 弹出框Tests */,
				DDE252FE1EF3FCAD00C2A6D1 /* 弹出框UITests */,
			);
		};
/* End PBXProject section */

/* Begin PBXResourcesBuildPhase section */
		DDE252D91EF3FCAC00C2A6D1 /* Resources */ = {
			isa = PBXResourcesBuildPhase;
			buildActionMask = 2147483647;
			files = (
				DDE252EE1EF3FCAD00C2A6D1 /* LaunchScreen.storyboard in Resources */,
				DDE252EB1EF3FCAD00C2A6D1 /* Assets.xcassets in Resources */,
				DDE252E91EF3FCAC00C2A6D1 /* Main.storyboard in Resources */,
			);
			runOnlyForDeploymentPostprocessing = 0;
		};
		DDE252F21EF3FCAD00C2A6D1 /* Resources */ = {
			isa = PBXResourcesBuildPhase;
			buildActionMask = 2147483647;
			files = (
			);
			runOnlyForDeploymentPostprocessing = 0;
		};
		DDE252FD1EF3FCAD00C2A6D1 /* Resources */ = {
			isa = PBXResourcesBuildPhase;
			buildActionMask = 2147483647;
			files = (
			);
			runOnlyForDeploymentPostprocessing = 0;
		};
/* End PBXResourcesBuildPhase section */

/* Begin PBXSourcesBuildPhase section */
		DDE252D71EF3FCAC00C2A6D1 /* Sources */ = {
			isa = PBXSourcesBuildPhase;
			buildActionMask = 2147483647;
			files = (
				DDDD5A841EF6337900477E61 /* BasicModel.m in Sources */,
				DDDD5A8A1EF63CED00477E61 /* PopModel.m in Sources */,
				DDDD5A7A1EF5FEBD00477E61 /* UIViewExt.m in Sources */,
				DDDD5A871EF638AE00477E61 /* PopTableCell.m in Sources */,
				DDDD5A811EF6336100477E61 /* BasicTableViewCell.m in Sources */,
				DDE252E61EF3FCAC00C2A6D1 /* ViewController.m in Sources */,
				DDDD5A771EF5FEBD00477E61 /* UIColor+Hex.m in Sources */,
				DDDD5A6D1EF5FD7500477E61 /* PopUpView.m in Sources */,
				DDE252E31EF3FCAC00C2A6D1 /* AppDelegate.m in Sources */,
				DDE252E01EF3FCAC00C2A6D1 /* main.m in Sources */,
				DDDD5A781EF5FEBD00477E61 /* UIFont+Wisdom.m in Sources */,
				DDDD5A791EF5FEBD00477E61 /* UIView+NJ.m in Sources */,
			);
			runOnlyForDeploymentPostprocessing = 0;
		};
		DDE252F01EF3FCAD00C2A6D1 /* Sources */ = {
			isa = PBXSourcesBuildPhase;
			buildActionMask = 2147483647;
			files = (
				DDE252F91EF3FCAD00C2A6D1 /* ___Tests.m in Sources */,
			);
			runOnlyForDeploymentPostprocessing = 0;
		};
		DDE252FB1EF3FCAD00C2A6D1 /* Sources */ = {
			isa = PBXSourcesBuildPhase;
			buildActionMask = 2147483647;
			files = (
				DDE253041EF3FCAD00C2A6D1 /* ___UITests.m in Sources */,
			);
			runOnlyForDeploymentPostprocessing = 0;
		};
/* End PBXSourcesBuildPhase section */

/* Begin PBXTargetDependency section */
		DDE252F61EF3FCAD00C2A6D1 /* PBXTargetDependency */ = {
			isa = PBXTargetDependency;
			target = DDE252DA1EF3FCAC00C2A6D1 /* 弹出框 */;
			targetProxy = DDE252F51EF3FCAD00C2A6D1 /* PBXContainerItemProxy */;
		};
		DDE253011EF3FCAD00C2A6D1 /* PBXTargetDependency */ = {
			isa = PBXTargetDependency;
			target = DDE252DA1EF3FCAC00C2A6D1 /* 弹出框 */;
			targetProxy = DDE253001EF3FCAD00C2A6D1 /* PBXContainerItemProxy */;
		};
/* End PBXTargetDependency section */

/* Begin PBXVariantGroup section */
		DDE252E71EF3FCAC00C2A6D1 /* Main.storyboard */ = {
			isa = PBXVariantGroup;
			children = (
				DDE252E81EF3FCAC00C2A6D1 /* Base */,
			);
			name = Main.storyboard;
			sourceTree = "<group>";
		};
		DDE252EC1EF3FCAD00C2A6D1 /* LaunchScreen.storyboard */ = {
			isa = PBXVariantGroup;
			children = (
				DDE252ED1EF3FCAD00C2A6D1 /* Base */,
			);
			name = LaunchScreen.storyboard;
			sourceTree = "<group>";
		};
/* End PBXVariantGroup section */

/* Begin XCBuildConfiguration section */
		DDE253061EF3FCAD00C2A6D1 /* Debug */ = {
			isa = XCBuildConfiguration;
			buildSettings = {
				ALWAYS_SEARCH_USER_PATHS = NO;
				CLANG_ANALYZER_NONNULL = YES;
				CLANG_CXX_LANGUAGE_STANDARD = "gnu++0x";
				CLANG_CXX_LIBRARY = "libc++";
				CLANG_ENABLE_MODULES = YES;
				CLANG_ENABLE_OBJC_ARC = YES;
				CLANG_WARN_BOOL_CONVERSION = YES;
				CLANG_WARN_CONSTANT_CONVERSION = YES;
				CLANG_WARN_DIRECT_OBJC_ISA_USAGE = YES_ERROR;
				CLANG_WARN_DOCUMENTATION_COMMENTS = YES;
				CLANG_WARN_EMPTY_BODY = YES;
				CLANG_WARN_ENUM_CONVERSION = YES;
				CLANG_WARN_INFINITE_RECURSION = YES;
				CLANG_WARN_INT_CONVERSION = YES;
				CLANG_WARN_OBJC_ROOT_CLASS = YES_ERROR;
				CLANG_WARN_SUSPICIOUS_MOVES = YES;
				CLANG_WARN_UNREACHABLE_CODE = YES;
				CLANG_WARN__DUPLICATE_METHOD_MATCH = YES;
				"CODE_SIGN_IDENTITY[sdk=iphoneos*]" = "iPhone Developer";
				COPY_PHASE_STRIP = NO;
				DEBUG_INFORMATION_FORMAT = dwarf;
				ENABLE_STRICT_OBJC_MSGSEND = YES;
				ENABLE_TESTABILITY = YES;
				GCC_C_LANGUAGE_STANDARD = gnu99;
				GCC_DYNAMIC_NO_PIC = NO;
				GCC_NO_COMMON_BLOCKS = YES;
				GCC_OPTIMIZATION_LEVEL = 0;
				GCC_PREPROCESSOR_DEFINITIONS = (
					"DEBUG=1",
					"$(inherited)",
				);
				GCC_WARN_64_TO_32_BIT_CONVERSION = YES;
				GCC_WARN_ABOUT_RETURN_TYPE = YES_ERROR;
				GCC_WARN_UNDECLARED_SELECTOR = YES;
				GCC_WARN_UNINITIALIZED_AUTOS = YES_AGGRESSIVE;
				GCC_WARN_UNUSED_FUNCTION = YES;
				GCC_WARN_UNUSED_VARIABLE = YES;
				IPHONEOS_DEPLOYMENT_TARGET = 10.1;
				MTL_ENABLE_DEBUG_INFO = YES;
				ONLY_ACTIVE_ARCH = YES;
				SDKROOT = iphoneos;
				TARGETED_DEVICE_FAMILY = "1,2";
			};
			name = Debug;
		};
		DDE253071EF3FCAD00C2A6D1 /* Release */ = {
			isa = XCBuildConfiguration;
			buildSettings = {
				ALWAYS_SEARCH_USER_PATHS = NO;
				CLANG_ANALYZER_NONNULL = YES;
				CLANG_CXX_LANGUAGE_STANDARD = "gnu++0x";
				CLANG_CXX_LIBRARY = "libc++";
				CLANG_ENABLE_MODULES = YES;
				CLANG_ENABLE_OBJC_ARC = YES;
				CLANG_WARN_BOOL_CONVERSION = YES;
				CLANG_WARN_CONSTANT_CONVERSION = YES;
				CLANG_WARN_DIRECT_OBJC_ISA_USAGE = YES_ERROR;
				CLANG_WARN_DOCUMENTATION_COMMENTS = YES;
				CLANG_WARN_EMPTY_BODY = YES;
				CLANG_WARN_ENUM_CONVERSION = YES;
				CLANG_WARN_INFINITE_RECURSION = YES;
				CLANG_WARN_INT_CONVERSION = YES;
				CLANG_WARN_OBJC_ROOT_CLASS = YES_ERROR;
				CLANG_WARN_SUSPICIOUS_MOVES = YES;
				CLANG_WARN_UNREACHABLE_CODE = YES;
				CLANG_WARN__DUPLICATE_METHOD_MATCH = YES;
				"CODE_SIGN_IDENTITY[sdk=iphoneos*]" = "iPhone Developer";
				COPY_PHASE_STRIP = NO;
				DEBUG_INFORMATION_FORMAT = "dwarf-with-dsym";
				ENABLE_NS_ASSERTIONS = NO;
				ENABLE_STRICT_OBJC_MSGSEND = YES;
				GCC_C_LANGUAGE_STANDARD = gnu99;
				GCC_NO_COMMON_BLOCKS = YES;
				GCC_WARN_64_TO_32_BIT_CONVERSION = YES;
				GCC_WARN_ABOUT_RETURN_TYPE = YES_ERROR;
				GCC_WARN_UNDECLARED_SELECTOR = YES;
				GCC_WARN_UNINITIALIZED_AUTOS = YES_AGGRESSIVE;
				GCC_WARN_UNUSED_FUNCTION = YES;
				GCC_WARN_UNUSED_VARIABLE = YES;
				IPHONEOS_DEPLOYMENT_TARGET = 10.1;
				MTL_ENABLE_DEBUG_INFO = NO;
				SDKROOT = iphoneos;
				TARGETED_DEVICE_FAMILY = "1,2";
				VALIDATE_PRODUCT = YES;
			};
			name = Release;
		};
		DDE253091EF3FCAD00C2A6D1 /* Debug */ = {
			isa = XCBuildConfiguration;
			buildSettings = {
				ASSETCATALOG_COMPILER_APPICON_NAME = AppIcon;
				DEVELOPMENT_TEAM = B7UQ7WHB5T;
				INFOPLIST_FILE = "弹出框/Info.plist";
				IPHONEOS_DEPLOYMENT_TARGET = 8.0;
				LD_RUNPATH_SEARCH_PATHS = "$(inherited) @executable_path/Frameworks";
				PRODUCT_BUNDLE_IDENTIFIER = "ganZhi.---";
				PRODUCT_NAME = "$(TARGET_NAME)";
			};
			name = Debug;
		};
		DDE2530A1EF3FCAD00C2A6D1 /* Release */ = {
			isa = XCBuildConfiguration;
			buildSettings = {
				ASSETCATALOG_COMPILER_APPICON_NAME = AppIcon;
				DEVELOPMENT_TEAM = B7UQ7WHB5T;
				INFOPLIST_FILE = "弹出框/Info.plist";
				IPHONEOS_DEPLOYMENT_TARGET = 8.0;
				LD_RUNPATH_SEARCH_PATHS = "$(inherited) @executable_path/Frameworks";
				PRODUCT_BUNDLE_IDENTIFIER = "ganZhi.---";
				PRODUCT_NAME = "$(TARGET_NAME)";
			};
			name = Release;
		};
		DDE2530C1EF3FCAD00C2A6D1 /* Debug */ = {
			isa = XCBuildConfiguration;
			buildSettings = {
				BUNDLE_LOADER = "$(TEST_HOST)";
				INFOPLIST_FILE = "弹出框Tests/Info.plist";
				LD_RUNPATH_SEARCH_PATHS = "$(inherited) @executable_path/Frameworks @loader_path/Frameworks";
				PRODUCT_BUNDLE_IDENTIFIER = "ganZhi.---Tests";
				PRODUCT_NAME = "$(TARGET_NAME)";
				TEST_HOST = "$(BUILT_PRODUCTS_DIR)/弹出框.app/弹出框";
			};
			name = Debug;
		};
		DDE2530D1EF3FCAD00C2A6D1 /* Release */ = {
			isa = XCBuildConfiguration;
			buildSettings = {
				BUNDLE_LOADER = "$(TEST_HOST)";
				INFOPLIST_FILE = "弹出框Tests/Info.plist";
				LD_RUNPATH_SEARCH_PATHS = "$(inherited) @executable_path/Frameworks @loader_path/Frameworks";
				PRODUCT_BUNDLE_IDENTIFIER = "ganZhi.---Tests";
				PRODUCT_NAME = "$(TARGET_NAME)";
				TEST_HOST = "$(BUILT_PRODUCTS_DIR)/弹出框.app/弹出框";
			};
			name = Release;
		};
		DDE2530F1EF3FCAD00C2A6D1 /* Debug */ = {
			isa = XCBuildConfiguration;
			buildSettings = {
				INFOPLIST_FILE = "弹出框UITests/Info.plist";
				LD_RUNPATH_SEARCH_PATHS = "$(inherited) @executable_path/Frameworks @loader_path/Frameworks";
				PRODUCT_BUNDLE_IDENTIFIER = "ganZhi.---UITests";
				PRODUCT_NAME = "$(TARGET_NAME)";
				TEST_TARGET_NAME = "弹出框";
			};
			name = Debug;
		};
		DDE253101EF3FCAD00C2A6D1 /* Release */ = {
			isa = XCBuildConfiguration;
			buildSettings = {
				INFOPLIST_FILE = "弹出框UITests/Info.plist";
				LD_RUNPATH_SEARCH_PATHS = "$(inherited) @executable_path/Frameworks @loader_path/Frameworks";
				PRODUCT_BUNDLE_IDENTIFIER = "ganZhi.---UITests";
				PRODUCT_NAME = "$(TARGET_NAME)";
				TEST_TARGET_NAME = "弹出框";
			};
			name = Release;
		};
/* End XCBuildConfiguration section */

/* Begin XCConfigurationList section */
		DDE252D61EF3FCAC00C2A6D1 /* Build configuration list for PBXProject "弹出框" */ = {
			isa = XCConfigurationList;
			buildConfigurations = (
				DDE253061EF3FCAD00C2A6D1 /* Debug */,
				DDE253071EF3FCAD00C2A6D1 /* Release */,
			);
			defaultConfigurationIsVisible = 0;
			defaultConfigurationName = Release;
		};
		DDE253081EF3FCAD00C2A6D1 /* Build configuration list for PBXNativeTarget "弹出框" */ = {
			isa = XCConfigurationList;
			buildConfigurations = (
				DDE253091EF3FCAD00C2A6D1 /* Debug */,
				DDE2530A1EF3FCAD00C2A6D1 /* Release */,
			);
			defaultConfigurationIsVisible = 0;
			defaultConfigurationName = Release;
		};
		DDE2530B1EF3FCAD00C2A6D1 /* Build configuration list for PBXNativeTarget "弹出框Tests" */ = {
			isa = XCConfigurationList;
			buildConfigurations = (
				DDE2530C1EF3FCAD00C2A6D1 /* Debug */,
				DDE2530D1EF3FCAD00C2A6D1 /* Release */,
			);
			defaultConfigurationIsVisible = 0;
			defaultConfigurationName = Release;
		};
		DDE2530E1EF3FCAD00C2A6D1 /* Build configuration list for PBXNativeTarget "弹出框UITests" */ = {
			isa = XCConfigurationList;
			buildConfigurations = (
				DDE2530F1EF3FCAD00C2A6D1 /* Debug */,
				DDE253101EF3FCAD00C2A6D1 /* Release */,
			);
			defaultConfigurationIsVisible = 0;
			defaultConfigurationName = Release;
		};
/* End XCConfigurationList section */
	};
	rootObject = DDE252D31EF3FCAC00C2A6D1 /* Project object */;
}
